
Microsoft Visual Studio Solution File, Format Version 12.00
# Visual Studio 15
VisualStudioVersion = 15.0.28307.438
MinimumVisualStudioVersion = 10.0.40219.1
Project("{FAE04EC0-301F-11D3-BF4B-00C04F79EFBC}") = "RemoteServiceServer", "RemoteServiceServer\RemoteServiceServer.csproj", "{CF201C29-15A9-48A8-B1B0-158D1EB2CEA4}"
EndProject
Global
	GlobalSection(SolutionConfigurationPlatforms) = preSolution
		Debug|Any CPU = Debug|Any CPU
		Release|Any CPU = Release|Any CPU
	EndGlobalSection
	GlobalSection(ProjectConfigurationPlatforms) = postSolution
		{CF201C29-15A9-48A8-B1B0-158D1EB2CEA4}.Debug|Any CPU.ActiveCfg = Debug|Any CPU
		{CF201C29-15A9-48A8-B1B0-158D1EB2CEA4}.Debug|Any CPU.Build.0 = Debug|Any CPU
		{CF201C29-15A9-48A8-B1B0-158D1EB2CEA4}.Release|Any CPU.ActiveCfg = Release|Any CPU
		{CF201C29-15A9-48A8-B1B0-158D1EB2CEA4}.Release|Any CPU.Build.0 = Release|Any CPU
	EndGlobalSection
	GlobalSection(SolutionProperties) = preSolution
		HideSolutionNode = FALSE
	EndGlobalSection
	GlobalSection(ExtensibilityGlobals) = postSolution
		SolutionGuid = {57BF84DB-26A8-4010-B6FE-3BD5325B9EA7}
	EndGlobalSection
EndGlobal
